<?xml version="1.0" encoding="utf-8"?>
<Project ToolsVersion="4.0" xmlns="http://schemas.microsoft.com/developer/msbuild/2003">
  <ItemGroup>
    <None Include="export.def" />
  </ItemGroup>
  <ItemGroup>
    <Filter Include="include">
      <UniqueIdentifier>{cd87dc7c-9ed6-45c4-9953-03e059ad82e2}</UniqueIdentifier>
    </Filter>
    <Filter Include="source">
      <UniqueIdentifier>{84c69229-db2f-4dd8-984d-97c0ebfe8a91}</UniqueIdentifier>
    </Filter>
  </ItemGroup>
  <ItemGroup>
    <ClInclude Include="stdafx.h">
      <Filter>include</Filter>
    </ClInclude>
    <ClInclude Include="targetver.h">
      <Filter>include</Filter>
    </ClInclude>
    <ClInclude Include="export_macro.h">
      <Filter>include</Filter>
    </ClInclude>
    <ClInclude Include="hook_client.h" />
    <ClInclude Include="test\export_question_test.h" />
    <ClInclude Include="test\export_question_type.h" />
    <ClInclude Include="hook_test.h" />
    <ClInclude Include="resource.h" />
  </ItemGroup>
  <ItemGroup>
    <ClCompile Include="dllmain.cpp">
      <Filter>source</Filter>
    </ClCompile>
    <ClCompile Include="quirky.cpp">
      <Filter>source</Filter>
    </ClCompile>
    <ClCompile Include="stdafx.cpp">
      <Filter>source</Filter>
    </ClCompile>
    <ClCompile Include="hook_client.cpp" />
    <ClCompile Include="test\export_question_test.cpp" />
    <ClCompile Include="hook_test.cpp" />
  </ItemGroup>
  <ItemGroup>
    <ResourceCompile Include="quirky.rc" />
  </ItemGroup>
</Project>