
Microsoft Visual Studio Solution File, Format Version 12.00
# Visual Studio 2013
VisualStudioVersion = 12.0.31101.0
MinimumVisualStudioVersion = 10.0.40219.1
Project("{8BC9CEB8-8B4A-11D0-8D11-00A0C91BC942}") = "plug", "plug\plug.vcxproj", "{1B10D89F-C51D-4D6E-A8D6-ED9CC7FEDF41}"
EndProject
Project("{8BC9CEB8-8B4A-11D0-8D11-00A0C91BC942}") = "base_plug", "plug\base_plug\base_plug.vcxproj", "{E7B1994C-FAE7-4075-AFC2-B7F5134FA7DB}"
EndProject
Project("{2150E333-8FDC-42A3-9474-1A3956D46DE8}") = "third_party", "third_party", "{80ED812C-B91A-4DED-87AD-2A88ABB1D68B}"
EndProject
Project("{2150E333-8FDC-42A3-9474-1A3956D46DE8}") = "chromium", "chromium", "{B149C9D0-A072-46D4-B873-FA2A7A3BE990}"
EndProject
Project("{2150E333-8FDC-42A3-9474-1A3956D46DE8}") = "nana", "nana", "{F2F5117E-707F-4D5F-BF69-BBEE472CE575}"
EndProject
Project("{8BC9CEB8-8B4A-11D0-8D11-00A0C91BC942}") = "nana", "plug\third_party\nana\nana.vcxproj", "{95C962AB-1040-4910-AA25-3EF7EDABC44F}"
EndProject
Project("{2150E333-8FDC-42A3-9474-1A3956D46DE8}") = "base", "base", "{C9856718-B535-440C-BEA6-1439BC6090E7}"
EndProject
Project("{8BC9CEB8-8B4A-11D0-8D11-00A0C91BC942}") = "base", "plug\third_party\chromium\base\base.vcxproj", "{690CD61F-5B2A-2C4F-C670-0283EAC412C4}"
EndProject
Global
	GlobalSection(SolutionConfigurationPlatforms) = preSolution
		Debug|Win32 = Debug|Win32
		Debug|x64 = Debug|x64
		Release|Win32 = Release|Win32
		Release|x64 = Release|x64
	EndGlobalSection
	GlobalSection(ProjectConfigurationPlatforms) = postSolution
		{1B10D89F-C51D-4D6E-A8D6-ED9CC7FEDF41}.Debug|Win32.ActiveCfg = Debug|Win32
		{1B10D89F-C51D-4D6E-A8D6-ED9CC7FEDF41}.Debug|Win32.Build.0 = Debug|Win32
		{1B10D89F-C51D-4D6E-A8D6-ED9CC7FEDF41}.Debug|x64.ActiveCfg = Debug|Win32
		{1B10D89F-C51D-4D6E-A8D6-ED9CC7FEDF41}.Release|Win32.ActiveCfg = Release|Win32
		{1B10D89F-C51D-4D6E-A8D6-ED9CC7FEDF41}.Release|Win32.Build.0 = Release|Win32
		{1B10D89F-C51D-4D6E-A8D6-ED9CC7FEDF41}.Release|x64.ActiveCfg = Release|Win32
		{E7B1994C-FAE7-4075-AFC2-B7F5134FA7DB}.Debug|Win32.ActiveCfg = Debug|Win32
		{E7B1994C-FAE7-4075-AFC2-B7F5134FA7DB}.Debug|Win32.Build.0 = Debug|Win32
		{E7B1994C-FAE7-4075-AFC2-B7F5134FA7DB}.Debug|x64.ActiveCfg = Debug|Win32
		{E7B1994C-FAE7-4075-AFC2-B7F5134FA7DB}.Release|Win32.ActiveCfg = Release|Win32
		{E7B1994C-FAE7-4075-AFC2-B7F5134FA7DB}.Release|Win32.Build.0 = Release|Win32
		{E7B1994C-FAE7-4075-AFC2-B7F5134FA7DB}.Release|x64.ActiveCfg = Release|Win32
		{95C962AB-1040-4910-AA25-3EF7EDABC44F}.Debug|Win32.ActiveCfg = Debug|Win32
		{95C962AB-1040-4910-AA25-3EF7EDABC44F}.Debug|Win32.Build.0 = Debug|Win32
		{95C962AB-1040-4910-AA25-3EF7EDABC44F}.Debug|x64.ActiveCfg = Debug|Win32
		{95C962AB-1040-4910-AA25-3EF7EDABC44F}.Release|Win32.ActiveCfg = Release|Win32
		{95C962AB-1040-4910-AA25-3EF7EDABC44F}.Release|Win32.Build.0 = Release|Win32
		{95C962AB-1040-4910-AA25-3EF7EDABC44F}.Release|x64.ActiveCfg = Release|Win32
		{690CD61F-5B2A-2C4F-C670-0283EAC412C4}.Debug|Win32.ActiveCfg = Debug|Win32
		{690CD61F-5B2A-2C4F-C670-0283EAC412C4}.Debug|Win32.Build.0 = Debug|Win32
		{690CD61F-5B2A-2C4F-C670-0283EAC412C4}.Debug|x64.ActiveCfg = Debug|x64
		{690CD61F-5B2A-2C4F-C670-0283EAC412C4}.Debug|x64.Build.0 = Debug|x64
		{690CD61F-5B2A-2C4F-C670-0283EAC412C4}.Release|Win32.ActiveCfg = Release|Win32
		{690CD61F-5B2A-2C4F-C670-0283EAC412C4}.Release|Win32.Build.0 = Release|Win32
		{690CD61F-5B2A-2C4F-C670-0283EAC412C4}.Release|x64.ActiveCfg = Release|x64
		{690CD61F-5B2A-2C4F-C670-0283EAC412C4}.Release|x64.Build.0 = Release|x64
	EndGlobalSection
	GlobalSection(SolutionProperties) = preSolution
		HideSolutionNode = FALSE
	EndGlobalSection
	GlobalSection(NestedProjects) = preSolution
		{B149C9D0-A072-46D4-B873-FA2A7A3BE990} = {80ED812C-B91A-4DED-87AD-2A88ABB1D68B}
		{F2F5117E-707F-4D5F-BF69-BBEE472CE575} = {80ED812C-B91A-4DED-87AD-2A88ABB1D68B}
		{95C962AB-1040-4910-AA25-3EF7EDABC44F} = {F2F5117E-707F-4D5F-BF69-BBEE472CE575}
		{C9856718-B535-440C-BEA6-1439BC6090E7} = {B149C9D0-A072-46D4-B873-FA2A7A3BE990}
		{690CD61F-5B2A-2C4F-C670-0283EAC412C4} = {C9856718-B535-440C-BEA6-1439BC6090E7}
	EndGlobalSection
EndGlobal
