<?xml version="1.0" encoding="utf-8"?>
<Project ToolsVersion="4.0" xmlns="http://schemas.microsoft.com/developer/msbuild/2003">
  <ItemGroup>
    <Filter Include="资源文件">
      <UniqueIdentifier>{67DA6AB6-F800-4c08-8B7A-83BB121AAD01}</UniqueIdentifier>
      <Extensions>rc;ico;cur;bmp;dlg;rc2;rct;bin;rgs;gif;jpg;jpeg;jpe;resx;tiff;tif;png;wav;mfcribbon-ms</Extensions>
    </Filter>
    <Filter Include="include">
      <UniqueIdentifier>{43d57b4b-11f4-4be9-a7d7-1d964f28e3c7}</UniqueIdentifier>
    </Filter>
    <Filter Include="source">
      <UniqueIdentifier>{b7b752cd-4507-4c8d-a7a5-10d4130747ac}</UniqueIdentifier>
    </Filter>
  </ItemGroup>
  <ItemGroup>
    <ClInclude Include="include\macro.h">
      <Filter>include</Filter>
    </ClInclude>
    <ClInclude Include="include\test.h">
      <Filter>include</Filter>
    </ClInclude>
    <ClInclude Include="stdafx.h">
      <Filter>include</Filter>
    </ClInclude>
    <ClInclude Include="targetver.h">
      <Filter>include</Filter>
    </ClInclude>
    <ClInclude Include="include\regedit.h">
      <Filter>include</Filter>
    </ClInclude>
    <ClInclude Include="include\base_export.h">
      <Filter>include</Filter>
    </ClInclude>
    <ClInclude Include="include\basictypes.h">
      <Filter>include</Filter>
    </ClInclude>
    <ClInclude Include="include\string16.h">
      <Filter>include</Filter>
    </ClInclude>
    <ClInclude Include="include\build_config.h">
      <Filter>include</Filter>
    </ClInclude>
    <ClInclude Include="include\string_piece.h">
      <Filter>include</Filter>
    </ClInclude>
  </ItemGroup>
  <ItemGroup>
    <ClCompile Include="dllmain.cpp" />
    <ClCompile Include="source\test.cpp">
      <Filter>source</Filter>
    </ClCompile>
    <ClCompile Include="stdafx.cpp">
      <Filter>source</Filter>
    </ClCompile>
    <ClCompile Include="source\regedit.cpp">
      <Filter>source</Filter>
    </ClCompile>
    <ClCompile Include="source\string16.cpp">
      <Filter>source</Filter>
    </ClCompile>
    <ClCompile Include="source\string_piece.cpp">
      <Filter>source</Filter>
    </ClCompile>
  </ItemGroup>
</Project>